dependencies:
- name: argo-workflows
  repository: https://argoproj.github.io/argo-helm
  version: 0.40.14
- name: minio
  repository: https://charts.min.io/
  version: 5.0.15
- name: mysql
  repository: https://charts.bitnami.com/bitnami
  version: 14.0.3
- name: postgresql
  repository: https://charts.bitnami.com/bitnami
  version: 16.0.6
digest: sha256:addbacd4a800daf2fbf006468d352c6749df1a4afaa346d6d44abc62773393bb
generated: "2025-10-09T20:37:41.761712064+05:30"
